
Microsoft Visual Studio Solution File, Format Version 12.00
# Visual Studio Version 17
VisualStudioVersion = 17.14.37012.4
MinimumVisualStudioVersion = 10.0.40219.1
Project("{2150E333-8FDC-42A3-9474-1A3956D46DE8}") = "01_Basics", "01_Basics", "{02EA681E-C7D8-13C7-8484-4AC65E1B71E8}"
EndProject
Project("{2150E333-8FDC-42A3-9474-1A3956D46DE8}") = "02_Logic_Conditions", "02_Logic_Conditions", "{30166E11-F419-4454-A00A-7E0C471E8AB3}"
EndProject
Project("{2150E333-8FDC-42A3-9474-1A3956D46DE8}") = "03_Advanced_Problems", "03_Advanced_Problems", "{75EE7A28-1790-4805-8FFD-71DD5DA339C8}"
EndProject
Project("{FAE04EC0-301F-11D3-BF4B-00C04F79EFBC}") = "01_HelloWorld", "01_Basics\01_HelloWorld\01_HelloWorld.csproj", "{BF316CAD-28A6-47CB-9E09-4F376EA7A05E}"
EndProject
Project("{FAE04EC0-301F-11D3-BF4B-00C04F79EFBC}") = "02_ConsoleBasics", "01_Basics\02_ConsoleBasics\02_ConsoleBasics.csproj", "{3F82B5B7-9F12-9B26-2564-51207EBE9ED5}"
EndProject
Project("{FAE04EC0-301F-11D3-BF4B-00C04F79EFBC}") = "03_UserInput_Name", "01_Basics\03_UserInput_Name\03_UserInput_Name.csproj", "{55D3D93F-E20F-4B07-B21C-ED074C809215}"
EndProject
Project("{FAE04EC0-301F-11D3-BF4B-00C04F79EFBC}") = "04_AgeCalculator", "01_Basics\04_AgeCalculator\04_AgeCalculator.csproj", "{B4FD6AB7-41CF-441C-BD86-32BD830F973F}"
EndProject
Project("{FAE04EC0-301F-11D3-BF4B-00C04F79EFBC}") = "05_BMI_Calculator", "01_Basics\05_BMI_Calculator\05_BMI_Calculator.csproj", "{299CFBB0-77B1-4744-9518-F199BBD96614}"
EndProject
Project("{FAE04EC0-301F-11D3-BF4B-00C04F79EFBC}") = "06_TimeFormatConverter", "01_Basics\06_TimeFormatConverter\06_TimeFormatConverter.csproj", "{BE8ACD55-7BAB-44DE-BF23-961DED377D07}"
EndProject
Project("{FAE04EC0-301F-11D3-BF4B-00C04F79EFBC}") = "01_PasswordCheck", "02_Logic_Conditions\01_PasswordCheck\01_PasswordCheck.csproj", "{15CF06C4-09F4-4678-8F84-FD1FE7A9D92D}"
EndProject
Project("{FAE04EC0-301F-11D3-BF4B-00C04F79EFBC}") = "02_SimpleCalculator", "02_Logic_Conditions\02_SimpleCalculator\02_SimpleCalculator.csproj", "{2D958CC2-A1FF-4FA7-8F6C-D4913604DFD3}"
EndProject
Project("{FAE04EC0-301F-11D3-BF4B-00C04F79EFBC}") = "03_ExpressionCalculator", "02_Logic_Conditions\03_ExpressionCalculator\03_ExpressionCalculator.csproj", "{00DA2470-AB60-7715-CD66-958EBEF29152}"
EndProject
Global
	GlobalSection(SolutionConfigurationPlatforms) = preSolution
		Debug|Any CPU = Debug|Any CPU
		Release|Any CPU = Release|Any CPU
	EndGlobalSection
	GlobalSection(ProjectConfigurationPlatforms) = postSolution
		{BF316CAD-28A6-47CB-9E09-4F376EA7A05E}.Debug|Any CPU.ActiveCfg = Debug|Any CPU
		{BF316CAD-28A6-47CB-9E09-4F376EA7A05E}.Debug|Any CPU.Build.0 = Debug|Any CPU
		{BF316CAD-28A6-47CB-9E09-4F376EA7A05E}.Release|Any CPU.ActiveCfg = Release|Any CPU
		{BF316CAD-28A6-47CB-9E09-4F376EA7A05E}.Release|Any CPU.Build.0 = Release|Any CPU
		{3F82B5B7-9F12-9B26-2564-51207EBE9ED5}.Debug|Any CPU.ActiveCfg = Debug|Any CPU
		{3F82B5B7-9F12-9B26-2564-51207EBE9ED5}.Debug|Any CPU.Build.0 = Debug|Any CPU
		{3F82B5B7-9F12-9B26-2564-51207EBE9ED5}.Release|Any CPU.ActiveCfg = Release|Any CPU
		{3F82B5B7-9F12-9B26-2564-51207EBE9ED5}.Release|Any CPU.Build.0 = Release|Any CPU
		{55D3D93F-E20F-4B07-B21C-ED074C809215}.Debug|Any CPU.ActiveCfg = Debug|Any CPU
		{55D3D93F-E20F-4B07-B21C-ED074C809215}.Debug|Any CPU.Build.0 = Debug|Any CPU
		{55D3D93F-E20F-4B07-B21C-ED074C809215}.Release|Any CPU.ActiveCfg = Release|Any CPU
		{55D3D93F-E20F-4B07-B21C-ED074C809215}.Release|Any CPU.Build.0 = Release|Any CPU
		{B4FD6AB7-41CF-441C-BD86-32BD830F973F}.Debug|Any CPU.ActiveCfg = Debug|Any CPU
		{B4FD6AB7-41CF-441C-BD86-32BD830F973F}.Debug|Any CPU.Build.0 = Debug|Any CPU
		{B4FD6AB7-41CF-441C-BD86-32BD830F973F}.Release|Any CPU.ActiveCfg = Release|Any CPU
		{B4FD6AB7-41CF-441C-BD86-32BD830F973F}.Release|Any CPU.Build.0 = Release|Any CPU
		{299CFBB0-77B1-4744-9518-F199BBD96614}.Debug|Any CPU.ActiveCfg = Debug|Any CPU
		{299CFBB0-77B1-4744-9518-F199BBD96614}.Debug|Any CPU.Build.0 = Debug|Any CPU
		{299CFBB0-77B1-4744-9518-F199BBD96614}.Release|Any CPU.ActiveCfg = Release|Any CPU
		{299CFBB0-77B1-4744-9518-F199BBD96614}.Release|Any CPU.Build.0 = Release|Any CPU
		{BE8ACD55-7BAB-44DE-BF23-961DED377D07}.Debug|Any CPU.ActiveCfg = Debug|Any CPU
		{BE8ACD55-7BAB-44DE-BF23-961DED377D07}.Debug|Any CPU.Build.0 = Debug|Any CPU
		{BE8ACD55-7BAB-44DE-BF23-961DED377D07}.Release|Any CPU.ActiveCfg = Release|Any CPU
		{BE8ACD55-7BAB-44DE-BF23-961DED377D07}.Release|Any CPU.Build.0 = Release|Any CPU
		{15CF06C4-09F4-4678-8F84-FD1FE7A9D92D}.Debug|Any CPU.ActiveCfg = Debug|Any CPU
		{15CF06C4-09F4-4678-8F84-FD1FE7A9D92D}.Debug|Any CPU.Build.0 = Debug|Any CPU
		{15CF06C4-09F4-4678-8F84-FD1FE7A9D92D}.Release|Any CPU.ActiveCfg = Release|Any CPU
		{15CF06C4-09F4-4678-8F84-FD1FE7A9D92D}.Release|Any CPU.Build.0 = Release|Any CPU
		{2D958CC2-A1FF-4FA7-8F6C-D4913604DFD3}.Debug|Any CPU.ActiveCfg = Debug|Any CPU
		{2D958CC2-A1FF-4FA7-8F6C-D4913604DFD3}.Debug|Any CPU.Build.0 = Debug|Any CPU
		{2D958CC2-A1FF-4FA7-8F6C-D4913604DFD3}.Release|Any CPU.ActiveCfg = Release|Any CPU
		{2D958CC2-A1FF-4FA7-8F6C-D4913604DFD3}.Release|Any CPU.Build.0 = Release|Any CPU
		{00DA2470-AB60-7715-CD66-958EBEF29152}.Debug|Any CPU.ActiveCfg = Debug|Any CPU
		{00DA2470-AB60-7715-CD66-958EBEF29152}.Debug|Any CPU.Build.0 = Debug|Any CPU
		{00DA2470-AB60-7715-CD66-958EBEF29152}.Release|Any CPU.ActiveCfg = Release|Any CPU
		{00DA2470-AB60-7715-CD66-958EBEF29152}.Release|Any CPU.Build.0 = Release|Any CPU
	EndGlobalSection
	GlobalSection(SolutionProperties) = preSolution
		HideSolutionNode = FALSE
	EndGlobalSection
	GlobalSection(NestedProjects) = preSolution
		{BF316CAD-28A6-47CB-9E09-4F376EA7A05E} = {02EA681E-C7D8-13C7-8484-4AC65E1B71E8}
		{3F82B5B7-9F12-9B26-2564-51207EBE9ED5} = {02EA681E-C7D8-13C7-8484-4AC65E1B71E8}
		{55D3D93F-E20F-4B07-B21C-ED074C809215} = {02EA681E-C7D8-13C7-8484-4AC65E1B71E8}
		{B4FD6AB7-41CF-441C-BD86-32BD830F973F} = {02EA681E-C7D8-13C7-8484-4AC65E1B71E8}
		{299CFBB0-77B1-4744-9518-F199BBD96614} = {02EA681E-C7D8-13C7-8484-4AC65E1B71E8}
		{BE8ACD55-7BAB-44DE-BF23-961DED377D07} = {02EA681E-C7D8-13C7-8484-4AC65E1B71E8}
		{15CF06C4-09F4-4678-8F84-FD1FE7A9D92D} = {30166E11-F419-4454-A00A-7E0C471E8AB3}
		{2D958CC2-A1FF-4FA7-8F6C-D4913604DFD3} = {30166E11-F419-4454-A00A-7E0C471E8AB3}
		{00DA2470-AB60-7715-CD66-958EBEF29152} = {30166E11-F419-4454-A00A-7E0C471E8AB3}
	EndGlobalSection
	GlobalSection(ExtensibilityGlobals) = postSolution
		SolutionGuid = {72256A1C-D6E2-4CD1-AAA5-C4C449A28756}
	EndGlobalSection
EndGlobal
