
Microsoft Visual Studio Solution File, Format Version 12.00
# Visual Studio Version 17
VisualStudioVersion = 17.14.37012.4
MinimumVisualStudioVersion = 10.0.40219.1
Project("{2150E333-8FDC-42A3-9474-1A3956D46DE8}") = "01_Basics", "01_Basics", "{02EA681E-C7D8-13C7-8484-4AC65E1B71E8}"
EndProject
Project("{2150E333-8FDC-42A3-9474-1A3956D46DE8}") = "02_Logic_Conditions", "02_Logic_Conditions", "{30166E11-F419-4454-A00A-7E0C471E8AB3}"
EndProject
Project("{2150E333-8FDC-42A3-9474-1A3956D46DE8}") = "03_Advanced_Problems", "03_Advanced_Problems", "{75EE7A28-1790-4805-8FFD-71DD5DA339C8}"
EndProject
Project("{FAE04EC0-301F-11D3-BF4B-00C04F79EFBC}") = "01_HelloWorld", "01_Basics\01_HelloWorld\01_HelloWorld.csproj", "{BF316CAD-28A6-47CB-9E09-4F376EA7A05E}"
EndProject
Project("{FAE04EC0-301F-11D3-BF4B-00C04F79EFBC}") = "02_ConsoleBasics", "02_ConsoleBasics\02_ConsoleBasics.csproj", "{F489F2F4-B094-4308-AA7C-BB7549947EFF}"
EndProject
Global
	GlobalSection(SolutionConfigurationPlatforms) = preSolution
		Debug|Any CPU = Debug|Any CPU
		Release|Any CPU = Release|Any CPU
	EndGlobalSection
	GlobalSection(ProjectConfigurationPlatforms) = postSolution
		{BF316CAD-28A6-47CB-9E09-4F376EA7A05E}.Debug|Any CPU.ActiveCfg = Debug|Any CPU
		{BF316CAD-28A6-47CB-9E09-4F376EA7A05E}.Debug|Any CPU.Build.0 = Debug|Any CPU
		{BF316CAD-28A6-47CB-9E09-4F376EA7A05E}.Release|Any CPU.ActiveCfg = Release|Any CPU
		{BF316CAD-28A6-47CB-9E09-4F376EA7A05E}.Release|Any CPU.Build.0 = Release|Any CPU
		{F489F2F4-B094-4308-AA7C-BB7549947EFF}.Debug|Any CPU.ActiveCfg = Debug|Any CPU
		{F489F2F4-B094-4308-AA7C-BB7549947EFF}.Debug|Any CPU.Build.0 = Debug|Any CPU
		{F489F2F4-B094-4308-AA7C-BB7549947EFF}.Release|Any CPU.ActiveCfg = Release|Any CPU
		{F489F2F4-B094-4308-AA7C-BB7549947EFF}.Release|Any CPU.Build.0 = Release|Any CPU
	EndGlobalSection
	GlobalSection(SolutionProperties) = preSolution
		HideSolutionNode = FALSE
	EndGlobalSection
	GlobalSection(NestedProjects) = preSolution
		{BF316CAD-28A6-47CB-9E09-4F376EA7A05E} = {02EA681E-C7D8-13C7-8484-4AC65E1B71E8}
		{F489F2F4-B094-4308-AA7C-BB7549947EFF} = {02EA681E-C7D8-13C7-8484-4AC65E1B71E8}
	EndGlobalSection
	GlobalSection(ExtensibilityGlobals) = postSolution
		SolutionGuid = {72256A1C-D6E2-4CD1-AAA5-C4C449A28756}
	EndGlobalSection
EndGlobal
